
Microsoft Visual Studio Solution File, Format Version 12.00
# Visual Studio 15
VisualStudioVersion = 15.0.28010.2046
MinimumVisualStudioVersion = 10.0.40219.1
Project("{9A19103F-16F7-4668-BE54-9A1E7A4F7556}") = "BLL", "BLL\BLL.csproj", "{79530E9B-A3F1-4F53-B344-F7211C5F19AC}"
EndProject
Project("{9A19103F-16F7-4668-BE54-9A1E7A4F7556}") = "DAL", "DAL\DAL.csproj", "{0B0773F4-1C96-4D9A-9911-EA2638981BCB}"
EndProject
Project("{9A19103F-16F7-4668-BE54-9A1E7A4F7556}") = "PrivateWeb", "PrivateWeb\PrivateWeb.csproj", "{674D00B7-419D-479F-BC1E-8C34EB6C870C}"
EndProject
Project("{9A19103F-16F7-4668-BE54-9A1E7A4F7556}") = "PublicWeb", "PublicWeb\PublicWeb.csproj", "{3D86F72D-00A7-4B68-9A2B-D43C2E7EEDA8}"
EndProject
Project("{2150E333-8FDC-42A3-9474-1A3956D46DE8}") = "Documents", "Documents", "{05CDBD17-46C7-4F41-96A4-32F85E69D3A6}"
	ProjectSection(SolutionItems) = preProject
		..\Desktop\School\Dipterv\Diplomaterv.docx = ..\Desktop\School\Dipterv\Diplomaterv.docx
		..\Desktop\School\Dipterv\Diplomaterv.pdf = ..\Desktop\School\Dipterv\Diplomaterv.pdf
	EndProjectSection
EndProject
Project("{FAE04EC0-301F-11D3-BF4B-00C04F79EFBC}") = "Test", "Test\Test.csproj", "{F85C724F-D11B-4D24-9FBF-E156698088E1}"
EndProject
Global
	GlobalSection(SolutionConfigurationPlatforms) = preSolution
		Debug|Any CPU = Debug|Any CPU
		Release|Any CPU = Release|Any CPU
	EndGlobalSection
	GlobalSection(ProjectConfigurationPlatforms) = postSolution
		{79530E9B-A3F1-4F53-B344-F7211C5F19AC}.Debug|Any CPU.ActiveCfg = Debug|Any CPU
		{79530E9B-A3F1-4F53-B344-F7211C5F19AC}.Debug|Any CPU.Build.0 = Debug|Any CPU
		{79530E9B-A3F1-4F53-B344-F7211C5F19AC}.Release|Any CPU.ActiveCfg = Release|Any CPU
		{79530E9B-A3F1-4F53-B344-F7211C5F19AC}.Release|Any CPU.Build.0 = Release|Any CPU
		{0B0773F4-1C96-4D9A-9911-EA2638981BCB}.Debug|Any CPU.ActiveCfg = Debug|Any CPU
		{0B0773F4-1C96-4D9A-9911-EA2638981BCB}.Debug|Any CPU.Build.0 = Debug|Any CPU
		{0B0773F4-1C96-4D9A-9911-EA2638981BCB}.Release|Any CPU.ActiveCfg = Release|Any CPU
		{0B0773F4-1C96-4D9A-9911-EA2638981BCB}.Release|Any CPU.Build.0 = Release|Any CPU
		{674D00B7-419D-479F-BC1E-8C34EB6C870C}.Debug|Any CPU.ActiveCfg = Debug|Any CPU
		{674D00B7-419D-479F-BC1E-8C34EB6C870C}.Debug|Any CPU.Build.0 = Debug|Any CPU
		{674D00B7-419D-479F-BC1E-8C34EB6C870C}.Release|Any CPU.ActiveCfg = Release|Any CPU
		{674D00B7-419D-479F-BC1E-8C34EB6C870C}.Release|Any CPU.Build.0 = Release|Any CPU
		{3D86F72D-00A7-4B68-9A2B-D43C2E7EEDA8}.Debug|Any CPU.ActiveCfg = Debug|Any CPU
		{3D86F72D-00A7-4B68-9A2B-D43C2E7EEDA8}.Debug|Any CPU.Build.0 = Debug|Any CPU
		{3D86F72D-00A7-4B68-9A2B-D43C2E7EEDA8}.Release|Any CPU.ActiveCfg = Release|Any CPU
		{3D86F72D-00A7-4B68-9A2B-D43C2E7EEDA8}.Release|Any CPU.Build.0 = Release|Any CPU
		{F85C724F-D11B-4D24-9FBF-E156698088E1}.Debug|Any CPU.ActiveCfg = Debug|Any CPU
		{F85C724F-D11B-4D24-9FBF-E156698088E1}.Debug|Any CPU.Build.0 = Debug|Any CPU
		{F85C724F-D11B-4D24-9FBF-E156698088E1}.Release|Any CPU.ActiveCfg = Release|Any CPU
		{F85C724F-D11B-4D24-9FBF-E156698088E1}.Release|Any CPU.Build.0 = Release|Any CPU
	EndGlobalSection
	GlobalSection(SolutionProperties) = preSolution
		HideSolutionNode = FALSE
	EndGlobalSection
	GlobalSection(ExtensibilityGlobals) = postSolution
		SolutionGuid = {D20BA457-1E4D-4238-82CF-170218B5B0E0}
	EndGlobalSection
EndGlobal
